lockfileVersion: '9.0'

settings:
  autoInstallPeers: true
  excludeLinksFromLockfile: false

importers:

  .:
    devDependencies:
      '@types/node':
        specifier: ^20.14.6
        version: 20.14.6
      dprint:
        specifier: ^0.46.3
        version: 0.46.3
      oxlint:
        specifier: ^0.9.0
        version: 0.9.0
      typescript:
        specifier: ^5.4.5
        version: 5.4.5

packages:

  '@dprint/darwin-arm64@0.46.3':
    resolution: {integrity: sha512-1ycDpGvclGHF3UG5V6peymPDg6ouNTqM6BjhVELQ6zwr+X98AMhq/1slgO8hwHtPcaS5qhTAS+PkzOmBJRegow==}
    cpu: [arm64]
    os: [darwin]

  '@dprint/darwin-x64@0.46.3':
    resolution: {integrity: sha512-v5IpLmrY836Q5hJAxZuX097ZNQvoZgO6JKO4bK4l6XDhhHAw2XTIUr41+FM5r36ENxyASMk0NpHjhcHtih3o0g==}
    cpu: [x64]
    os: [darwin]

  '@dprint/linux-arm64-glibc@0.46.3':
    resolution: {integrity: sha512-9P13g1vgV8RfQH2qBGa8YAfaOeWA42RIhj7lmWRpkDFtwau96reMKwnBBn8bHUnc5e6bSsbPUOMb/X1KMUKz/g==}
    cpu: [arm64]
    os: [linux]

  '@dprint/linux-arm64-musl@0.46.3':
    resolution: {integrity: sha512-AAcdcMSZ6DEIoY9E0xQHjkZP+THP7EWsQge4TWzglSIjzn31YltglHAGYFcLB4CTJYpF0NsFDNFktzgkO+s0og==}
    cpu: [arm64]
    os: [linux]

  '@dprint/linux-x64-glibc@0.46.3':
    resolution: {integrity: sha512-c5cQ3G1rC64nBZ8Pd2LGWwzkEk4D7Ax9NrBbwYmNPvs6mFbGlJPC1+RD95x2WwIrIlMIciLG+Kxmt25PzBphmg==}
    cpu: [x64]
    os: [linux]

  '@dprint/linux-x64-musl@0.46.3':
    resolution: {integrity: sha512-ONtk2QtLcV0TqWOCOqzUFQixgk3JC+vnJLB5L6tQwT7BX5LzeircfE/1f4dg459iqejNC9MBXZkHnXqabvWSow==}
    cpu: [x64]
    os: [linux]

  '@dprint/win32-x64@0.46.3':
    resolution: {integrity: sha512-xvj4DSEilf0gGdT7CqnwNEgfWNuWqT6eIBxHDEUbmcn1vZ7IwirtqRq/nm3lmYtQaJ4EbtMQZvACHZwxC7G96w==}
    cpu: [x64]
    os: [win32]

  '@oxlint/darwin-arm64@0.9.0':
    resolution: {integrity: sha512-p6Nkl6imMTCJwkgJQA5kS+nYWeHbXgZRX0teWUsQE1YnhDsVFAlHd8dWeZHGqRSghylM6fUv4GjfCDE6OEbLYg==}
    cpu: [arm64]
    os: [darwin]

  '@oxlint/darwin-x64@0.9.0':
    resolution: {integrity: sha512-hA/P0NsDE4/TEe5IUWPolakLNt8jxFF3FT+xrCh6NsUjc+SoQ1CgTbh03xgSkuP2Azf+fW2p5lQ6A0lXREy0DQ==}
    cpu: [x64]
    os: [darwin]

  '@oxlint/linux-arm64-gnu@0.9.0':
    resolution: {integrity: sha512-ZvDo5otuk0H1XECG2GmPhSH8tVZhq0HE5NlMSLjNU6yKKCMjAIZE45ub04FZ/EVeJ3JXKw0zC28+noaR86RDqQ==}
    cpu: [arm64]
    os: [linux]

  '@oxlint/linux-arm64-musl@0.9.0':
    resolution: {integrity: sha512-TgHHuKJrf3SQet7qnRgI4gOMeJ5jY1c7XAJpvTFWaqsyJwc+o2gJB/O45c54mV5oEIxsRzg+V8nQE3NQCaDyTg==}
    cpu: [arm64]
    os: [linux]

  '@oxlint/linux-x64-gnu@0.9.0':
    resolution: {integrity: sha512-a7238zyR/io1L0GKoQvPVa4IPNoKCqrAtulDFCZ6GAYTqUCRGihvYDw5eznqV0apFvE63lyBS1xiL5L6eEraRw==}
    cpu: [x64]
    os: [linux]

  '@oxlint/linux-x64-musl@0.9.0':
    resolution: {integrity: sha512-jGyEevUnLyP32PO7OFVum8BcYGDnL5ZCQpfVpf3AMA6Cj16T0zW/IlX7jhZ95u15FMh4K5nJibsbLk4X/bVJOA==}
    cpu: [x64]
    os: [linux]

  '@oxlint/win32-arm64@0.9.0':
    resolution: {integrity: sha512-eCzi9aRiMHI1lOTSmCgvvGMU30ShZkbLQNB64fWfjPIzBTpAkNEjN2+RgSwhpomFsfMZ8zqyMZJcNSv+OzmKVQ==}
    cpu: [arm64]
    os: [win32]

  '@oxlint/win32-x64@0.9.0':
    resolution: {integrity: sha512-ZF56B6nnb9ouXeF2J6UAwUskfbtlFE/XiQ8OUAiWK39o5PaIZfCML6ldzrjAntjyKp2EbZuUeEJ5Ewu4K3B0iQ==}
    cpu: [x64]
    os: [win32]

  '@types/node@20.14.6':
    resolution: {integrity: sha512-JbA0XIJPL1IiNnU7PFxDXyfAwcwVVrOoqyzzyQTyMeVhBzkJVMSkC1LlVsRQ2lpqiY4n6Bb9oCS6lzDKVQxbZw==}

  dprint@0.46.3:
    resolution: {integrity: sha512-ACEd7B7sO/uvPvV/nsHbtkIeMqeD2a8XGO1DokROtKDUmI5WbuflGZOwyjFCYwy4rkX6FXoYBzGdEQ6um7BjCA==}
    hasBin: true

  oxlint@0.9.0:
    resolution: {integrity: sha512-w6FEQpxHv3hQoOA9O9CWrPa7cgy5WFV2gYk5EcVpT8H3KenyM3nbHwPMhRP4hPbUUk0+MCB/NAZ1ReCO+vf1/Q==}
    engines: {node: '>=14.*'}
    hasBin: true

  typescript@5.4.5:
    resolution: {integrity: sha512-vcI4UpRgg81oIRUFwR0WSIHKt11nJ7SAVlYNIu+QpqeyXP+gpQJy/Z4+F0aGxSE4MqwjyXvW/TzgkLAx2AGHwQ==}
    engines: {node: '>=14.17'}
    hasBin: true

  undici-types@5.26.5:
    resolution: {integrity: sha512-JlCMO+ehdEIKqlFxk6IfVoAUVmgz7cU7zD/h9XZ0qzeosSHmUJVOzSQvvYSYWXkFXC+IfLKSIffhv0sVZup6pA==}

snapshots:

  '@dprint/darwin-arm64@0.46.3':
    optional: true

  '@dprint/darwin-x64@0.46.3':
    optional: true

  '@dprint/linux-arm64-glibc@0.46.3':
    optional: true

  '@dprint/linux-arm64-musl@0.46.3':
    optional: true

  '@dprint/linux-x64-glibc@0.46.3':
    optional: true

  '@dprint/linux-x64-musl@0.46.3':
    optional: true

  '@dprint/win32-x64@0.46.3':
    optional: true

  '@oxlint/darwin-arm64@0.9.0':
    optional: true

  '@oxlint/darwin-x64@0.9.0':
    optional: true

  '@oxlint/linux-arm64-gnu@0.9.0':
    optional: true

  '@oxlint/linux-arm64-musl@0.9.0':
    optional: true

  '@oxlint/linux-x64-gnu@0.9.0':
    optional: true

  '@oxlint/linux-x64-musl@0.9.0':
    optional: true

  '@oxlint/win32-arm64@0.9.0':
    optional: true

  '@oxlint/win32-x64@0.9.0':
    optional: true

  '@types/node@20.14.6':
    dependencies:
      undici-types: 5.26.5

  dprint@0.46.3:
    optionalDependencies:
      '@dprint/darwin-arm64': 0.46.3
      '@dprint/darwin-x64': 0.46.3
      '@dprint/linux-arm64-glibc': 0.46.3
      '@dprint/linux-arm64-musl': 0.46.3
      '@dprint/linux-x64-glibc': 0.46.3
      '@dprint/linux-x64-musl': 0.46.3
      '@dprint/win32-x64': 0.46.3

  oxlint@0.9.0:
    optionalDependencies:
      '@oxlint/darwin-arm64': 0.9.0
      '@oxlint/darwin-x64': 0.9.0
      '@oxlint/linux-arm64-gnu': 0.9.0
      '@oxlint/linux-arm64-musl': 0.9.0
      '@oxlint/linux-x64-gnu': 0.9.0
      '@oxlint/linux-x64-musl': 0.9.0
      '@oxlint/win32-arm64': 0.9.0
      '@oxlint/win32-x64': 0.9.0

  typescript@5.4.5: {}

  undici-types@5.26.5: {}
