lockfileVersion: '6.0'

settings:
  autoInstallPeers: true
  excludeLinksFromLockfile: false

devDependencies:
  '@types/node':
    specifier: ^20.10.5
    version: 20.10.6
  dprint:
    specifier: ^0.45.0
    version: 0.45.0
  oxlint:
    specifier: ^0.0.22
    version: 0.0.22
  typescript:
    specifier: ^5.3.3
    version: 5.3.3

packages:

  /@dprint/darwin-arm64@0.45.0:
    resolution: {integrity: sha512-pkSSmixIKXr5t32bhXIUbpIBm8F8uhsJcUUvfkFNsRbQvNwRp71ribZpE8dKl0ZFOlAFeWD6WLE8smp/QtiGUA==}
    cpu: [arm64]
    os: [darwin]
    requiresBuild: true
    dev: true
    optional: true

  /@dprint/darwin-x64@0.45.0:
    resolution: {integrity: sha512-PHcXSrRO53KH9N+YPbPtr40NnDo2t7hO7KLMfl2ktRNLjrmKg6F8XDDsr2C7Z11k3jyEEU2Jq8hhpaKHwNapmQ==}
    cpu: [x64]
    os: [darwin]
    requiresBuild: true
    dev: true
    optional: true

  /@dprint/linux-arm64-glibc@0.45.0:
    resolution: {integrity: sha512-NgIpvZHpiQaY4DxSygxknxBtvKE2KLK9dEbUNKNE098yTHhGq7ouPsoM7RtsO34RHJ3tEZLLJEuBHn20XP8LMg==}
    cpu: [arm64]
    os: [linux]
    requiresBuild: true
    dev: true
    optional: true

  /@dprint/linux-arm64-musl@0.45.0:
    resolution: {integrity: sha512-Y8p+FC0RNyKCGQjy99Uh1LSPrlQtUTvo4brdvU1THF3pyWu6Bg1p6NiP5a6SjE/6t9CMKZJz39zPreQtnDkSDA==}
    cpu: [arm64]
    os: [linux]
    requiresBuild: true
    dev: true
    optional: true

  /@dprint/linux-x64-glibc@0.45.0:
    resolution: {integrity: sha512-u03NCZIpJhE5gIl9Q7jNL4sOPBFd/8BLVBiuLoLtbiTZQ+NNudHKgGNATJBU67q1MKpqKnt8/gQm139cJkHhrw==}
    cpu: [x64]
    os: [linux]
    requiresBuild: true
    dev: true
    optional: true

  /@dprint/linux-x64-musl@0.45.0:
    resolution: {integrity: sha512-DQN8LPtxismkeU1X+sQywa80kWwCBcpQh9fXoJcvTEHrgzHBqbG2SEsUZpM12oKEua1KE/iBh+vgZ+4I3TdI2A==}
    cpu: [x64]
    os: [linux]
    requiresBuild: true
    dev: true
    optional: true

  /@dprint/win32-x64@0.45.0:
    resolution: {integrity: sha512-aZHIWG2jIlEp4BER1QG6YYqPd6TxT9S77AeUkWJixNiMEo+33mPRVCBcugRWI/WJWveX8yWFVXkToORtnSFeEA==}
    cpu: [x64]
    os: [win32]
    requiresBuild: true
    dev: true
    optional: true

  /@oxlint/darwin-arm64@0.0.22:
    resolution: {integrity: sha512-n8ZsnApsKKxho00fYR+EzOEt6dVcuMfwdOwoAwpWwdIwrJRUyjWDzZhauX1VGEmgf4Hzm2y53aJMSZAWnIbr7g==}
    cpu: [arm64]
    os: [darwin]
    requiresBuild: true
    dev: true
    optional: true

  /@oxlint/darwin-x64@0.0.22:
    resolution: {integrity: sha512-glVFfh5OtpeqfW2xGf47LPZxByvoodQKQF9Y3ql6HVNHzpUNSDsacO/5hyQ585FiKG3OtFlOP8TaeeDCcj+pXQ==}
    cpu: [x64]
    os: [darwin]
    requiresBuild: true
    dev: true
    optional: true

  /@oxlint/linux-arm64@0.0.22:
    resolution: {integrity: sha512-01B8IEMQBFXGabcqLJXxiaT5eTqjO6eNJTl9HwaGJsTlDIxfbE0wPGWJz1POuvTDHDp+IjAR+NjuCwgikWpzbg==}
    cpu: [arm64]
    os: [linux]
    requiresBuild: true
    dev: true
    optional: true

  /@oxlint/linux-x64@0.0.22:
    resolution: {integrity: sha512-pR9G7yt6RuZMgahe/fAl+TN4hgKZ60qfktwgMn5aLZAufE3fVEg83KncJtFwE++gTiG+xZ8qReYPjEWlI7a7cQ==}
    cpu: [x64]
    os: [linux]
    requiresBuild: true
    dev: true
    optional: true

  /@oxlint/win32-arm64@0.0.22:
    resolution: {integrity: sha512-R/uejrBLO4uQw+jbyusn1LwNTHasZCeiFa/zmP31CRlgD/tUwTYGpERLkpGRmvlzwf8UeFOxyRibNLzz4pXpxA==}
    cpu: [arm64]
    os: [win32]
    requiresBuild: true
    dev: true
    optional: true

  /@oxlint/win32-x64@0.0.22:
    resolution: {integrity: sha512-g4mY10w/oFJUE6lc8F0IiU5LTEKcqxmY4vdmPLQZa2FoM8d2Rf+lLdbiaL9xouF8Zlp8mUyEgWHasKgN/wzLxw==}
    cpu: [x64]
    os: [win32]
    requiresBuild: true
    dev: true
    optional: true

  /@types/node@20.10.6:
    resolution: {integrity: sha512-Vac8H+NlRNNlAmDfGUP7b5h/KA+AtWIzuXy0E6OyP8f1tCLYAtPvKRRDJjAPqhpCb0t6U2j7/xqAuLEebW2kiw==}
    dependencies:
      undici-types: 5.26.5
    dev: true

  /dprint@0.45.0:
    resolution: {integrity: sha512-3444h7V47XoA16qgIWjw3CV/Eo/rQbT/XTGlbJ/6vJ+apQyuo0+M3Ai0GS3wu7X9HBUDcA0zIHA3mOxWNz6toA==}
    hasBin: true
    requiresBuild: true
    optionalDependencies:
      '@dprint/darwin-arm64': 0.45.0
      '@dprint/darwin-x64': 0.45.0
      '@dprint/linux-arm64-glibc': 0.45.0
      '@dprint/linux-arm64-musl': 0.45.0
      '@dprint/linux-x64-glibc': 0.45.0
      '@dprint/linux-x64-musl': 0.45.0
      '@dprint/win32-x64': 0.45.0
    dev: true

  /oxlint@0.0.22:
    resolution: {integrity: sha512-ZV9pmXiNdY9CHkDcceJ8bpo05HfgLb2nC6wlGcQeUktHpX8ASHgWM2fuw4fEPhhWsydy2lmdiNkw55CCw6S2+g==}
    engines: {node: '>=14.*'}
    hasBin: true
    optionalDependencies:
      '@oxlint/darwin-arm64': 0.0.22
      '@oxlint/darwin-x64': 0.0.22
      '@oxlint/linux-arm64': 0.0.22
      '@oxlint/linux-x64': 0.0.22
      '@oxlint/win32-arm64': 0.0.22
      '@oxlint/win32-x64': 0.0.22
    dev: true

  /typescript@5.3.3:
    resolution: {integrity: sha512-pXWcraxM0uxAS+tN0AG/BF2TyqmHO014Z070UsJ+pFvYuRSq8KH8DmWpnbXe0pEPDHXZV3FcAbJkijJ5oNEnWw==}
    engines: {node: '>=14.17'}
    hasBin: true
    dev: true

  /undici-types@5.26.5:
    resolution: {integrity: sha512-JlCMO+ehdEIKqlFxk6IfVoAUVmgz7cU7zD/h9XZ0qzeosSHmUJVOzSQvvYSYWXkFXC+IfLKSIffhv0sVZup6pA==}
    dev: true
